// !$*UTF8*$!
{
	archiveVersion = 1;
	classes = {
	};
	objectVersion = 46;
	objects = {

/* Begin PBXBuildFile section */
		13CB7BA25F73D75D421E284E /* libPods-PolleeTests.a in Frameworks */ = {isa = PBXBuildFile; fileRef = 55C74586BE411018DD4CA4A3 /* libPods-PolleeTests.a */; };
		C4103064605FB00D05596AFA /* libPods-Pollee.a in Frameworks */ = {isa = PBXBuildFile; fileRef = 42B81F8E87BF27D231F195F1 /* libPods-Pollee.a */; };
		D6851DACA8490836BF6FF711 /* libPods-PolleeUITests.a in Frameworks */ = {isa = PBXBuildFile; fileRef = 90DA2906E7533692BC5465FD /* libPods-PolleeUITests.a */; };
		FACD49E01E8AF1AF00C48C7E /* FeedTableViewController.m in Sources */ = {isa = PBXBuildFile; fileRef = FACD49DF1E8AF1AF00C48C7E /* FeedTableViewController.m */; };
		FAD4484F1E8AE96400220BF7 /* main.m in Sources */ = {isa = PBXBuildFile; fileRef = FAD4484E1E8AE96400220BF7 /* main.m */; };
		FAD448521E8AE96400220BF7 /* AppDelegate.m in Sources */ = {isa = PBXBuildFile; fileRef = FAD448511E8AE96400220BF7 /* AppDelegate.m */; };
		FAD448551E8AE96400220BF7 /* ViewController.m in Sources */ = {isa = PBXBuildFile; fileRef = FAD448541E8AE96400220BF7 /* ViewController.m */; };
		FAD448581E8AE96400220BF7 /* Main.storyboard in Resources */ = {isa = PBXBuildFile; fileRef = FAD448561E8AE96400220BF7 /* Main.storyboard */; };
		FAD4485A1E8AE96400220BF7 /* Assets.xcassets in Resources */ = {isa = PBXBuildFile; fileRef = FAD448591E8AE96400220BF7 /* Assets.xcassets */; };
		FAD4485D1E8AE96400220BF7 /* LaunchScreen.storyboard in Resources */ = {isa = PBXBuildFile; fileRef = FAD4485B1E8AE96400220BF7 /* LaunchScreen.storyboard */; };
		FAD448681E8AE96400220BF7 /* PolleeTests.m in Sources */ = {isa = PBXBuildFile; fileRef = FAD448671E8AE96400220BF7 /* PolleeTests.m */; };
		FAD448731E8AE96400220BF7 /* PolleeUITests.m in Sources */ = {isa = PBXBuildFile; fileRef = FAD448721E8AE96400220BF7 /* PolleeUITests.m */; };
/* End PBXBuildFile section */

/* Begin PBXContainerItemProxy section */
		FAD448641E8AE96400220BF7 /* PBXContainerItemProxy */ = {
			isa = PBXContainerItemProxy;
			containerPortal = FAD448421E8AE96400220BF7 /* Project object */;
			proxyType = 1;
			remoteGlobalIDString = FAD448491E8AE96400220BF7;
			remoteInfo = Pollee;
		};
		FAD4486F1E8AE96400220BF7 /* PBXContainerItemProxy */ = {
			isa = PBXContainerItemProxy;
			containerPortal = FAD448421E8AE96400220BF7 /* Project object */;
			proxyType = 1;
			remoteGlobalIDString = FAD448491E8AE96400220BF7;
			remoteInfo = Pollee;
		};
/* End PBXContainerItemProxy section */

/* Begin PBXFileReference section */
		2EA5EF309837FD0698C70A8B /* Pods-PolleeUITests.release.xcconfig */ = {isa = PBXFileReference; includeInIndex = 1; lastKnownFileType = text.xcconfig; name = "Pods-PolleeUITests.release.xcconfig"; path = "Pods/Target Support Files/Pods-PolleeUITests/Pods-PolleeUITests.release.xcconfig"; sourceTree = "<group>"; };
		3E81CB71E13D112376A10736 /* Pods-Pollee.release.xcconfig */ = {isa = PBXFileReference; includeInIndex = 1; lastKnownFileType = text.xcconfig; name = "Pods-Pollee.release.xcconfig"; path = "Pods/Target Support Files/Pods-Pollee/Pods-Pollee.release.xcconfig"; sourceTree = "<group>"; };
		42B81F8E87BF27D231F195F1 /* libPods-Pollee.a */ = {isa = PBXFileReference; explicitFileType = archive.ar; includeInIndex = 0; path = "libPods-Pollee.a"; sourceTree = BUILT_PRODUCTS_DIR; };
		55C74586BE411018DD4CA4A3 /* libPods-PolleeTests.a */ = {isa = PBXFileReference; explicitFileType = archive.ar; includeInIndex = 0; path = "libPods-PolleeTests.a"; sourceTree = BUILT_PRODUCTS_DIR; };
		7472C32555B424D63593E4F5 /* Pods-PolleeTests.debug.xcconfig */ = {isa = PBXFileReference; includeInIndex = 1; lastKnownFileType = text.xcconfig; name = "Pods-PolleeTests.debug.xcconfig"; path = "Pods/Target Support Files/Pods-PolleeTests/Pods-PolleeTests.debug.xcconfig"; sourceTree = "<group>"; };
		90DA2906E7533692BC5465FD /* libPods-PolleeUITests.a */ = {isa = PBXFileReference; explicitFileType = archive.ar; includeInIndex = 0; path = "libPods-PolleeUITests.a"; sourceTree = BUILT_PRODUCTS_DIR; };
		D095D5042DD4AFA582D70058 /* Pods-PolleeUITests.debug.xcconfig */ = {isa = PBXFileReference; includeInIndex = 1; lastKnownFileType = text.xcconfig; name = "Pods-PolleeUITests.debug.xcconfig"; path = "Pods/Target Support Files/Pods-PolleeUITests/Pods-PolleeUITests.debug.xcconfig"; sourceTree = "<group>"; };
		E328186D605B53F77CE2EC60 /* Pods-PolleeTests.release.xcconfig */ = {isa = PBXFileReference; includeInIndex = 1; lastKnownFileType = text.xcconfig; name = "Pods-PolleeTests.release.xcconfig"; path = "Pods/Target Support Files/Pods-PolleeTests/Pods-PolleeTests.release.xcconfig"; sourceTree = "<group>"; };
		F1424A8D2317037B4A61A0D5 /* Pods-Pollee.debug.xcconfig */ = {isa = PBXFileReference; includeInIndex = 1; lastKnownFileType = text.xcconfig; name = "Pods-Pollee.debug.xcconfig"; path = "Pods/Target Support Files/Pods-Pollee/Pods-Pollee.debug.xcconfig"; sourceTree = "<group>"; };
		FACD49DE1E8AF1AF00C48C7E /* FeedTableViewController.h */ = {isa = PBXFileReference; fileEncoding = 4; lastKnownFileType = sourcecode.c.h; path = FeedTableViewController.h; sourceTree = "<group>"; };
		FACD49DF1E8AF1AF00C48C7E /* FeedTableViewController.m */ = {isa = PBXFileReference; fileEncoding = 4; lastKnownFileType = sourcecode.c.objc; path = FeedTableViewController.m; sourceTree = "<group>"; };
		FAD4484A1E8AE96400220BF7 /* Pollee.app */ = {isa = PBXFileReference; explicitFileType = wrapper.application; includeInIndex = 0; path = Pollee.app; sourceTree = BUILT_PRODUCTS_DIR; };
		FAD4484E1E8AE96400220BF7 /* main.m */ = {isa = PBXFileReference; lastKnownFileType = sourcecode.c.objc; path = main.m; sourceTree = "<group>"; };
		FAD448501E8AE96400220BF7 /* AppDelegate.h */ = {isa = PBXFileReference; lastKnownFileType = sourcecode.c.h; path = AppDelegate.h; sourceTree = "<group>"; };
		FAD448511E8AE96400220BF7 /* AppDelegate.m */ = {isa = PBXFileReference; lastKnownFileType = sourcecode.c.objc; path = AppDelegate.m; sourceTree = "<group>"; };
		FAD448531E8AE96400220BF7 /* ViewController.h */ = {isa = PBXFileReference; lastKnownFileType = sourcecode.c.h; path = ViewController.h; sourceTree = "<group>"; };
		FAD448541E8AE96400220BF7 /* ViewController.m */ = {isa = PBXFileReference; lastKnownFileType = sourcecode.c.objc; path = ViewController.m; sourceTree = "<group>"; };
		FAD448571E8AE96400220BF7 /* Base */ = {isa = PBXFileReference; lastKnownFileType = file.storyboard; name = Base; path = Base.lproj/Main.storyboard; sourceTree = "<group>"; };
		FAD448591E8AE96400220BF7 /* Assets.xcassets */ = {isa = PBXFileReference; lastKnownFileType = folder.assetcatalog; path = Assets.xcassets; sourceTree = "<group>"; };
		FAD4485C1E8AE96400220BF7 /* Base */ = {isa = PBXFileReference; lastKnownFileType = file.storyboard; name = Base; path = Base.lproj/LaunchScreen.storyboard; sourceTree = "<group>"; };
		FAD4485E1E8AE96400220BF7 /* Info.plist */ = {isa = PBXFileReference; lastKnownFileType = text.plist.xml; path = Info.plist; sourceTree = "<group>"; };
		FAD448631E8AE96400220BF7 /* PolleeTests.xctest */ = {isa = PBXFileReference; explicitFileType = wrapper.cfbundle; includeInIndex = 0; path = PolleeTests.xctest; sourceTree = BUILT_PRODUCTS_DIR; };
		FAD448671E8AE96400220BF7 /* PolleeTests.m */ = {isa = PBXFileReference; lastKnownFileType = sourcecode.c.objc; path = PolleeTests.m; sourceTree = "<group>"; };
		FAD448691E8AE96400220BF7 /* Info.plist */ = {isa = PBXFileReference; lastKnownFileType = text.plist.xml; path = Info.plist; sourceTree = "<group>"; };
		FAD4486E1E8AE96400220BF7 /* PolleeUITests.xctest */ = {isa = PBXFileReference; explicitFileType = wrapper.cfbundle; includeInIndex = 0; path = PolleeUITests.xctest; sourceTree = BUILT_PRODUCTS_DIR; };
		FAD448721E8AE96400220BF7 /* PolleeUITests.m */ = {isa = PBXFileReference; lastKnownFileType = sourcecode.c.objc; path = PolleeUITests.m; sourceTree = "<group>"; };
		FAD448741E8AE96400220BF7 /* Info.plist */ = {isa = PBXFileReference; lastKnownFileType = text.plist.xml; path = Info.plist; sourceTree = "<group>"; };
/* End PBXFileReference section */

/* Begin PBXFrameworksBuildPhase section */
		FAD448471E8AE96400220BF7 /* Frameworks */ = {
			isa = PBXFrameworksBuildPhase;
			buildActionMask = 2147483647;
			files = (
				C4103064605FB00D05596AFA /* libPods-Pollee.a in Frameworks */,
			);
			runOnlyForDeploymentPostprocessing = 0;
		};
		FAD448601E8AE96400220BF7 /* Frameworks */ = {
			isa = PBXFrameworksBuildPhase;
			buildActionMask = 2147483647;
			files = (
				13CB7BA25F73D75D421E284E /* libPods-PolleeTests.a in Frameworks */,
			);
			runOnlyForDeploymentPostprocessing = 0;
		};
		FAD4486B1E8AE96400220BF7 /* Frameworks */ = {
			isa = PBXFrameworksBuildPhase;
			buildActionMask = 2147483647;
			files = (
				D6851DACA8490836BF6FF711 /* libPods-PolleeUITests.a in Frameworks */,
			);
			runOnlyForDeploymentPostprocessing = 0;
		};
/* End PBXFrameworksBuildPhase section */

/* Begin PBXGroup section */
		B359CC7823343658330BF810 /* Frameworks */ = {
			isa = PBXGroup;
			children = (
				42B81F8E87BF27D231F195F1 /* libPods-Pollee.a */,
				55C74586BE411018DD4CA4A3 /* libPods-PolleeTests.a */,
				90DA2906E7533692BC5465FD /* libPods-PolleeUITests.a */,
			);
			name = Frameworks;
			sourceTree = "<group>";
		};
		EAB7B0535BA69953309DFCB2 /* Pods */ = {
			isa = PBXGroup;
			children = (
				F1424A8D2317037B4A61A0D5 /* Pods-Pollee.debug.xcconfig */,
				3E81CB71E13D112376A10736 /* Pods-Pollee.release.xcconfig */,
				7472C32555B424D63593E4F5 /* Pods-PolleeTests.debug.xcconfig */,
				E328186D605B53F77CE2EC60 /* Pods-PolleeTests.release.xcconfig */,
				D095D5042DD4AFA582D70058 /* Pods-PolleeUITests.debug.xcconfig */,
				2EA5EF309837FD0698C70A8B /* Pods-PolleeUITests.release.xcconfig */,
			);
			name = Pods;
			sourceTree = "<group>";
		};
		FAD448411E8AE96400220BF7 = {
			isa = PBXGroup;
			children = (
				FAD4484C1E8AE96400220BF7 /* Pollee */,
				FAD448661E8AE96400220BF7 /* PolleeTests */,
				FAD448711E8AE96400220BF7 /* PolleeUITests */,
				FAD4484B1E8AE96400220BF7 /* Products */,
				EAB7B0535BA69953309DFCB2 /* Pods */,
				B359CC7823343658330BF810 /* Frameworks */,
			);
			sourceTree = "<group>";
		};
		FAD4484B1E8AE96400220BF7 /* Products */ = {
			isa = PBXGroup;
			children = (
				FAD4484A1E8AE96400220BF7 /* Pollee.app */,
				FAD448631E8AE96400220BF7 /* PolleeTests.xctest */,
				FAD4486E1E8AE96400220BF7 /* PolleeUITests.xctest */,
			);
			name = Products;
			sourceTree = "<group>";
		};
		FAD4484C1E8AE96400220BF7 /* Pollee */ = {
			isa = PBXGroup;
			children = (
				FAD448501E8AE96400220BF7 /* AppDelegate.h */,
				FAD448511E8AE96400220BF7 /* AppDelegate.m */,
				FAD448531E8AE96400220BF7 /* ViewController.h */,
				FAD448541E8AE96400220BF7 /* ViewController.m */,
				FAD448561E8AE96400220BF7 /* Main.storyboard */,
				FAD448591E8AE96400220BF7 /* Assets.xcassets */,
				FAD4485B1E8AE96400220BF7 /* LaunchScreen.storyboard */,
				FAD4485E1E8AE96400220BF7 /* Info.plist */,
				FAD4484D1E8AE96400220BF7 /* Supporting Files */,
				FACD49DE1E8AF1AF00C48C7E /* FeedTableViewController.h */,
				FACD49DF1E8AF1AF00C48C7E /* FeedTableViewController.m */,
			);
			path = Pollee;
			sourceTree = "<group>";
		};
		FAD4484D1E8AE96400220BF7 /* Supporting Files */ = {
			isa = PBXGroup;
			children = (
				FAD4484E1E8AE96400220BF7 /* main.m */,
			);
			name = "Supporting Files";
			sourceTree = "<group>";
		};
		FAD448661E8AE96400220BF7 /* PolleeTests */ = {
			isa = PBXGroup;
			children = (
				FAD448671E8AE96400220BF7 /* PolleeTests.m */,
				FAD448691E8AE96400220BF7 /* Info.plist */,
			);
			path = PolleeTests;
			sourceTree = "<group>";
		};
		FAD448711E8AE96400220BF7 /* PolleeUITests */ = {
			isa = PBXGroup;
			children = (
				FAD448721E8AE96400220BF7 /* PolleeUITests.m */,
				FAD448741E8AE96400220BF7 /* Info.plist */,
			);
			path = PolleeUITests;
			sourceTree = "<group>";
		};
/* End PBXGroup section */

/* Begin PBXNativeTarget section */
		FAD448491E8AE96400220BF7 /* Pollee */ = {
			isa = PBXNativeTarget;
			buildConfigurationList = FAD448771E8AE96500220BF7 /* Build configuration list for PBXNativeTarget "Pollee" */;
			buildPhases = (
				42A167ECA2FB32C6AD97E182 /* [CP] Check Pods Manifest.lock */,
				FAD448461E8AE96400220BF7 /* Sources */,
				FAD448471E8AE96400220BF7 /* Frameworks */,
				FAD448481E8AE96400220BF7 /* Resources */,
				F98302EFB8973EDC40666EEE /* [CP] Embed Pods Frameworks */,
				CEC839C9C6E25426452D3C17 /* [CP] Copy Pods Resources */,
			);
			buildRules = (
			);
			dependencies = (
			);
			name = Pollee;
			productName = Pollee;
			productReference = FAD4484A1E8AE96400220BF7 /* Pollee.app */;
			productType = "com.apple.product-type.application";
		};
		FAD448621E8AE96400220BF7 /* PolleeTests */ = {
			isa = PBXNativeTarget;
			buildConfigurationList = FAD4487A1E8AE96500220BF7 /* Build configuration list for PBXNativeTarget "PolleeTests" */;
			buildPhases = (
				01F0C13DFE2F8133C55FDD48 /* [CP] Check Pods Manifest.lock */,
				FAD4485F1E8AE96400220BF7 /* Sources */,
				FAD448601E8AE96400220BF7 /* Frameworks */,
				FAD448611E8AE96400220BF7 /* Resources */,
				36E4ACB4DE1FF88897D0EAD7 /* [CP] Embed Pods Frameworks */,
				73CF3BD6D6834610D00680FC /* [CP] Copy Pods Resources */,
			);
			buildRules = (
			);
			dependencies = (
				FAD448651E8AE96400220BF7 /* PBXTargetDependency */,
			);
			name = PolleeTests;
			productName = PolleeTests;
			productReference = FAD448631E8AE96400220BF7 /* PolleeTests.xctest */;
			productType = "com.apple.product-type.bundle.unit-test";
		};
		FAD4486D1E8AE96400220BF7 /* PolleeUITests */ = {
			isa = PBXNativeTarget;
			buildConfigurationList = FAD4487D1E8AE96500220BF7 /* Build configuration list for PBXNativeTarget "PolleeUITests" */;
			buildPhases = (
				0B32C1A53D31330274486D6B /* [CP] Check Pods Manifest.lock */,
				FAD4486A1E8AE96400220BF7 /* Sources */,
				FAD4486B1E8AE96400220BF7 /* Frameworks */,
				FAD4486C1E8AE96400220BF7 /* Resources */,
				E6035A048B71CCE965386C4D /* [CP] Embed Pods Frameworks */,
				CAD8A4EC6C7C5CD4AB3A3603 /* [CP] Copy Pods Resources */,
			);
			buildRules = (
			);
			dependencies = (
				FAD448701E8AE96400220BF7 /* PBXTargetDependency */,
			);
			name = PolleeUITests;
			productName = PolleeUITests;
			productReference = FAD4486E1E8AE96400220BF7 /* PolleeUITests.xctest */;
			productType = "com.apple.product-type.bundle.ui-testing";
		};
/* End PBXNativeTarget section */

/* Begin PBXProject section */
		FAD448421E8AE96400220BF7 /* Project object */ = {
			isa = PBXProject;
			attributes = {
				LastUpgradeCheck = 0820;
				ORGANIZATIONNAME = "Alex Krush";
				TargetAttributes = {
					FAD448491E8AE96400220BF7 = {
						CreatedOnToolsVersion = 8.2.1;
						DevelopmentTeam = 5KNY9RDSC4;
						ProvisioningStyle = Automatic;
					};
					FAD448621E8AE96400220BF7 = {
						CreatedOnToolsVersion = 8.2.1;
						ProvisioningStyle = Automatic;
						TestTargetID = FAD448491E8AE96400220BF7;
					};
					FAD4486D1E8AE96400220BF7 = {
						CreatedOnToolsVersion = 8.2.1;
						ProvisioningStyle = Automatic;
						TestTargetID = FAD448491E8AE96400220BF7;
					};
				};
			};
			buildConfigurationList = FAD448451E8AE96400220BF7 /* Build configuration list for PBXProject "Pollee" */;
			compatibilityVersion = "Xcode 3.2";
			developmentRegion = English;
			hasScannedForEncodings = 0;
			knownRegions = (
				en,
				Base,
			);
			mainGroup = FAD448411E8AE96400220BF7;
			productRefGroup = FAD4484B1E8AE96400220BF7 /* Products */;
			projectDirPath = "";
			projectRoot = "";
			targets = (
				FAD448491E8AE96400220BF7 /* Pollee */,
				FAD448621E8AE96400220BF7 /* PolleeTests */,
				FAD4486D1E8AE96400220BF7 /* PolleeUITests */,
			);
		};
/* End PBXProject section */

/* Begin PBXResourcesBuildPhase section */
		FAD448481E8AE96400220BF7 /* Resources */ = {
			isa = PBXResourcesBuildPhase;
			buildActionMask = 2147483647;
			files = (
				FAD4485D1E8AE96400220BF7 /* LaunchScreen.storyboard in Resources */,
				FAD4485A1E8AE96400220BF7 /* Assets.xcassets in Resources */,
				FAD448581E8AE96400220BF7 /* Main.storyboard in Resources */,
			);
			runOnlyForDeploymentPostprocessing = 0;
		};
		FAD448611E8AE96400220BF7 /* Resources */ = {
			isa = PBXResourcesBuildPhase;
			buildActionMask = 2147483647;
			files = (
			);
			runOnlyForDeploymentPostprocessing = 0;
		};
		FAD4486C1E8AE96400220BF7 /* Resources */ = {
			isa = PBXResourcesBuildPhase;
			buildActionMask = 2147483647;
			files = (
			);
			runOnlyForDeploymentPostprocessing = 0;
		};
/* End PBXResourcesBuildPhase section */

/* Begin PBXShellScriptBuildPhase section */
		01F0C13DFE2F8133C55FDD48 /* [CP] Check Pods Manifest.lock */ = {
			isa = PBXShellScriptBuildPhase;
			buildActionMask = 2147483647;
			files = (
			);
			inputPaths = (
			);
			name = "[CP] Check Pods Manifest.lock";
			outputPaths = (
			);
			runOnlyForDeploymentPostprocessing = 0;
			shellPath = /bin/sh;
			shellScript = "diff \"${PODS_ROOT}/../Podfile.lock\" \"${PODS_ROOT}/Manifest.lock\" > /dev/null\nif [ $? != 0 ] ; then\n    # print error to STDERR\n    echo \"error: The sandbox is not in sync with the Podfile.lock. Run 'pod install' or update your CocoaPods installation.\" >&2\n    exit 1\nfi\n";
			showEnvVarsInLog = 0;
		};
		0B32C1A53D31330274486D6B /* [CP] Check Pods Manifest.lock */ = {
			isa = PBXShellScriptBuildPhase;
			buildActionMask = 2147483647;
			files = (
			);
			inputPaths = (
			);
			name = "[CP] Check Pods Manifest.lock";
			outputPaths = (
			);
			runOnlyForDeploymentPostprocessing = 0;
			shellPath = /bin/sh;
			shellScript = "diff \"${PODS_ROOT}/../Podfile.lock\" \"${PODS_ROOT}/Manifest.lock\" > /dev/null\nif [ $? != 0 ] ; then\n    # print error to STDERR\n    echo \"error: The sandbox is not in sync with the Podfile.lock. Run 'pod install' or update your CocoaPods installation.\" >&2\n    exit 1\nfi\n";
			showEnvVarsInLog = 0;
		};
		36E4ACB4DE1FF88897D0EAD7 /* [CP] Embed Pods Frameworks */ = {
			isa = PBXShellScriptBuildPhase;
			buildActionMask = 2147483647;
			files = (
			);
			inputPaths = (
			);
			name = "[CP] Embed Pods Frameworks";
			outputPaths = (
			);
			runOnlyForDeploymentPostprocessing = 0;
			shellPath = /bin/sh;
			shellScript = "\"${SRCROOT}/Pods/Target Support Files/Pods-PolleeTests/Pods-PolleeTests-frameworks.sh\"\n";
			showEnvVarsInLog = 0;
		};
		42A167ECA2FB32C6AD97E182 /* [CP] Check Pods Manifest.lock */ = {
			isa = PBXShellScriptBuildPhase;
			buildActionMask = 2147483647;
			files = (
			);
			inputPaths = (
			);
			name = "[CP] Check Pods Manifest.lock";
			outputPaths = (
			);
			runOnlyForDeploymentPostprocessing = 0;
			shellPath = /bin/sh;
			shellScript = "diff \"${PODS_ROOT}/../Podfile.lock\" \"${PODS_ROOT}/Manifest.lock\" > /dev/null\nif [ $? != 0 ] ; then\n    # print error to STDERR\n    echo \"error: The sandbox is not in sync with the Podfile.lock. Run 'pod install' or update your CocoaPods installation.\" >&2\n    exit 1\nfi\n";
			showEnvVarsInLog = 0;
		};
		73CF3BD6D6834610D00680FC /* [CP] Copy Pods Resources */ = {
			isa = PBXShellScriptBuildPhase;
			buildActionMask = 2147483647;
			files = (
			);
			inputPaths = (
			);
			name = "[CP] Copy Pods Resources";
			outputPaths = (
			);
			runOnlyForDeploymentPostprocessing = 0;
			shellPath = /bin/sh;
			shellScript = "\"${SRCROOT}/Pods/Target Support Files/Pods-PolleeTests/Pods-PolleeTests-resources.sh\"\n";
			showEnvVarsInLog = 0;
		};
		CAD8A4EC6C7C5CD4AB3A3603 /* [CP] Copy Pods Resources */ = {
			isa = PBXShellScriptBuildPhase;
			buildActionMask = 2147483647;
			files = (
			);
			inputPaths = (
			);
			name = "[CP] Copy Pods Resources";
			outputPaths = (
			);
			runOnlyForDeploymentPostprocessing = 0;
			shellPath = /bin/sh;
			shellScript = "\"${SRCROOT}/Pods/Target Support Files/Pods-PolleeUITests/Pods-PolleeUITests-resources.sh\"\n";
			showEnvVarsInLog = 0;
		};
		CEC839C9C6E25426452D3C17 /* [CP] Copy Pods Resources */ = {
			isa = PBXShellScriptBuildPhase;
			buildActionMask = 2147483647;
			files = (
			);
			inputPaths = (
			);
			name = "[CP] Copy Pods Resources";
			outputPaths = (
			);
			runOnlyForDeploymentPostprocessing = 0;
			shellPath = /bin/sh;
			shellScript = "\"${SRCROOT}/Pods/Target Support Files/Pods-Pollee/Pods-Pollee-resources.sh\"\n";
			showEnvVarsInLog = 0;
		};
		E6035A048B71CCE965386C4D /* [CP] Embed Pods Frameworks */ = {
			isa = PBXShellScriptBuildPhase;
			buildActionMask = 2147483647;
			files = (
			);
			inputPaths = (
			);
			name = "[CP] Embed Pods Frameworks";
			outputPaths = (
			);
			runOnlyForDeploymentPostprocessing = 0;
			shellPath = /bin/sh;
			shellScript = "\"${SRCROOT}/Pods/Target Support Files/Pods-PolleeUITests/Pods-PolleeUITests-frameworks.sh\"\n";
			showEnvVarsInLog = 0;
		};
		F98302EFB8973EDC40666EEE /* [CP] Embed Pods Frameworks */ = {
			isa = PBXShellScriptBuildPhase;
			buildActionMask = 2147483647;
			files = (
			);
			inputPaths = (
			);
			name = "[CP] Embed Pods Frameworks";
			outputPaths = (
			);
			runOnlyForDeploymentPostprocessing = 0;
			shellPath = /bin/sh;
			shellScript = "\"${SRCROOT}/Pods/Target Support Files/Pods-Pollee/Pods-Pollee-frameworks.sh\"\n";
			showEnvVarsInLog = 0;
		};
/* End PBXShellScriptBuildPhase section */

/* Begin PBXSourcesBuildPhase section */
		FAD448461E8AE96400220BF7 /* Sources */ = {
			isa = PBXSourcesBuildPhase;
			buildActionMask = 2147483647;
			files = (
				FAD448551E8AE96400220BF7 /* ViewController.m in Sources */,
				FAD448521E8AE96400220BF7 /* AppDelegate.m in Sources */,
				FAD4484F1E8AE96400220BF7 /* main.m in Sources */,
				FACD49E01E8AF1AF00C48C7E /* FeedTableViewController.m in Sources */,
			);
			runOnlyForDeploymentPostprocessing = 0;
		};
		FAD4485F1E8AE96400220BF7 /* Sources */ = {
			isa = PBXSourcesBuildPhase;
			buildActionMask = 2147483647;
			files = (
				FAD448681E8AE96400220BF7 /* PolleeTests.m in Sources */,
			);
			runOnlyForDeploymentPostprocessing = 0;
		};
		FAD4486A1E8AE96400220BF7 /* Sources */ = {
			isa = PBXSourcesBuildPhase;
			buildActionMask = 2147483647;
			files = (
				FAD448731E8AE96400220BF7 /* PolleeUITests.m in Sources */,
			);
			runOnlyForDeploymentPostprocessing = 0;
		};
/* End PBXSourcesBuildPhase section */

/* Begin PBXTargetDependency section */
		FAD448651E8AE96400220BF7 /* PBXTargetDependency */ = {
			isa = PBXTargetDependency;
			target = FAD448491E8AE96400220BF7 /* Pollee */;
			targetProxy = FAD448641E8AE96400220BF7 /* PBXContainerItemProxy */;
		};
		FAD448701E8AE96400220BF7 /* PBXTargetDependency */ = {
			isa = PBXTargetDependency;
			target = FAD448491E8AE96400220BF7 /* Pollee */;
			targetProxy = FAD4486F1E8AE96400220BF7 /* PBXContainerItemProxy */;
		};
/* End PBXTargetDependency section */

/* Begin PBXVariantGroup section */
		FAD448561E8AE96400220BF7 /* Main.storyboard */ = {
			isa = PBXVariantGroup;
			children = (
				FAD448571E8AE96400220BF7 /* Base */,
			);
			name = Main.storyboard;
			sourceTree = "<group>";
		};
		FAD4485B1E8AE96400220BF7 /* LaunchScreen.storyboard */ = {
			isa = PBXVariantGroup;
			children = (
				FAD4485C1E8AE96400220BF7 /* Base */,
			);
			name = LaunchScreen.storyboard;
			sourceTree = "<group>";
		};
/* End PBXVariantGroup section */

/* Begin XCBuildConfiguration section */
		FAD448751E8AE96500220BF7 /* Debug */ = {
			isa = XCBuildConfiguration;
			buildSettings = {
				ALWAYS_SEARCH_USER_PATHS = NO;
				CLANG_ANALYZER_NONNULL = YES;
				CLANG_CXX_LANGUAGE_STANDARD = "gnu++0x";
				CLANG_CXX_LIBRARY = "libc++";
				CLANG_ENABLE_MODULES = YES;
				CLANG_ENABLE_OBJC_ARC = YES;
				CLANG_WARN_BOOL_CONVERSION = YES;
				CLANG_WARN_CONSTANT_CONVERSION = YES;
				CLANG_WARN_DIRECT_OBJC_ISA_USAGE = YES_ERROR;
				CLANG_WARN_DOCUMENTATION_COMMENTS = YES;
				CLANG_WARN_EMPTY_BODY = YES;
				CLANG_WARN_ENUM_CONVERSION = YES;
				CLANG_WARN_INFINITE_RECURSION = YES;
				CLANG_WARN_INT_CONVERSION = YES;
				CLANG_WARN_OBJC_ROOT_CLASS = YES_ERROR;
				CLANG_WARN_SUSPICIOUS_MOVE = YES;
				CLANG_WARN_UNREACHABLE_CODE = YES;
				CLANG_WARN__DUPLICATE_METHOD_MATCH = YES;
				"CODE_SIGN_IDENTITY[sdk=iphoneos*]" = "iPhone Developer";
				COPY_PHASE_STRIP = NO;
				DEBUG_INFORMATION_FORMAT = dwarf;
				ENABLE_STRICT_OBJC_MSGSEND = YES;
				ENABLE_TESTABILITY = YES;
				GCC_C_LANGUAGE_STANDARD = gnu99;
				GCC_DYNAMIC_NO_PIC = NO;
				GCC_NO_COMMON_BLOCKS = YES;
				GCC_OPTIMIZATION_LEVEL = 0;
				GCC_PREPROCESSOR_DEFINITIONS = (
					"DEBUG=1",
					"$(inherited)",
				);
				GCC_WARN_64_TO_32_BIT_CONVERSION = YES;
				GCC_WARN_ABOUT_RETURN_TYPE = YES_ERROR;
				GCC_WARN_UNDECLARED_SELECTOR = YES;
				GCC_WARN_UNINITIALIZED_AUTOS = YES_AGGRESSIVE;
				GCC_WARN_UNUSED_FUNCTION = YES;
				GCC_WARN_UNUSED_VARIABLE = YES;
				IPHONEOS_DEPLOYMENT_TARGET = 10.2;
				MTL_ENABLE_DEBUG_INFO = YES;
				ONLY_ACTIVE_ARCH = YES;
				SDKROOT = iphoneos;
			};
			name = Debug;
		};
		FAD448761E8AE96500220BF7 /* Release */ = {
			isa = XCBuildConfiguration;
			buildSettings = {
				ALWAYS_SEARCH_USER_PATHS = NO;
				CLANG_ANALYZER_NONNULL = YES;
				CLANG_CXX_LANGUAGE_STANDARD = "gnu++0x";
				CLANG_CXX_LIBRARY = "libc++";
				CLANG_ENABLE_MODULES = YES;
				CLANG_ENABLE_OBJC_ARC = YES;
				CLANG_WARN_BOOL_CONVERSION = YES;
				CLANG_WARN_CONSTANT_CONVERSION = YES;
				CLANG_WARN_DIRECT_OBJC_ISA_USAGE = YES_ERROR;
				CLANG_WARN_DOCUMENTATION_COMMENTS = YES;
				CLANG_WARN_EMPTY_BODY = YES;
				CLANG_WARN_ENUM_CONVERSION = YES;
				CLANG_WARN_INFINITE_RECURSION = YES;
				CLANG_WARN_INT_CONVERSION = YES;
				CLANG_WARN_OBJC_ROOT_CLASS = YES_ERROR;
				CLANG_WARN_SUSPICIOUS_MOVE = YES;
				CLANG_WARN_UNREACHABLE_CODE = YES;
				CLANG_WARN__DUPLICATE_METHOD_MATCH = YES;
				"CODE_SIGN_IDENTITY[sdk=iphoneos*]" = "iPhone Developer";
				COPY_PHASE_STRIP = NO;
				DEBUG_INFORMATION_FORMAT = "dwarf-with-dsym";
				ENABLE_NS_ASSERTIONS = NO;
				ENABLE_STRICT_OBJC_MSGSEND = YES;
				GCC_C_LANGUAGE_STANDARD = gnu99;
				GCC_NO_COMMON_BLOCKS = YES;
				GCC_WARN_64_TO_32_BIT_CONVERSION = YES;
				GCC_WARN_ABOUT_RETURN_TYPE = YES_ERROR;
				GCC_WARN_UNDECLARED_SELECTOR = YES;
				GCC_WARN_UNINITIALIZED_AUTOS = YES_AGGRESSIVE;
				GCC_WARN_UNUSED_FUNCTION = YES;
				GCC_WARN_UNUSED_VARIABLE = YES;
				IPHONEOS_DEPLOYMENT_TARGET = 10.2;
				MTL_ENABLE_DEBUG_INFO = NO;
				SDKROOT = iphoneos;
				VALIDATE_PRODUCT = YES;
			};
			name = Release;
		};
		FAD448781E8AE96500220BF7 /* Debug */ = {
			isa = XCBuildConfiguration;
			baseConfigurationReference = F1424A8D2317037B4A61A0D5 /* Pods-Pollee.debug.xcconfig */;
			buildSettings = {
				ASSETCATALOG_COMPILER_APPICON_NAME = AppIcon;
				ASSETCATALOG_COMPILER_LAUNCHIMAGE_NAME = LaunchImage;
				DEVELOPMENT_TEAM = 5KNY9RDSC4;
				INFOPLIST_FILE = Pollee/Info.plist;
				IPHONEOS_DEPLOYMENT_TARGET = 9;
				LD_RUNPATH_SEARCH_PATHS = "$(inherited) @executable_path/Frameworks";
				PRODUCT_BUNDLE_IDENTIFIER = com.iKrushYou.Pollee;
				PRODUCT_NAME = "$(TARGET_NAME)";
			};
			name = Debug;
		};
		FAD448791E8AE96500220BF7 /* Release */ = {
			isa = XCBuildConfiguration;
			baseConfigurationReference = 3E81CB71E13D112376A10736 /* Pods-Pollee.release.xcconfig */;
			buildSettings = {
				ASSETCATALOG_COMPILER_APPICON_NAME = AppIcon;
				ASSETCATALOG_COMPILER_LAUNCHIMAGE_NAME = LaunchImage;
				DEVELOPMENT_TEAM = 5KNY9RDSC4;
				INFOPLIST_FILE = Pollee/Info.plist;
				IPHONEOS_DEPLOYMENT_TARGET = 9;
				LD_RUNPATH_SEARCH_PATHS = "$(inherited) @executable_path/Frameworks";
				PRODUCT_BUNDLE_IDENTIFIER = com.iKrushYou.Pollee;
				PRODUCT_NAME = "$(TARGET_NAME)";
			};
			name = Release;
		};
		FAD4487B1E8AE96500220BF7 /* Debug */ = {
			isa = XCBuildConfiguration;
			baseConfigurationReference = 7472C32555B424D63593E4F5 /* Pods-PolleeTests.debug.xcconfig */;
			buildSettings = {
				BUNDLE_LOADER = "$(TEST_HOST)";
				INFOPLIST_FILE = PolleeTests/Info.plist;
				LD_RUNPATH_SEARCH_PATHS = "$(inherited) @executable_path/Frameworks @loader_path/Frameworks";
				PRODUCT_BUNDLE_IDENTIFIER = com.iKrushYou.PolleeTests;
				PRODUCT_NAME = "$(TARGET_NAME)";
				TEST_HOST = "$(BUILT_PRODUCTS_DIR)/Pollee.app/Pollee";
			};
			name = Debug;
		};
		FAD4487C1E8AE96500220BF7 /* Release */ = {
			isa = XCBuildConfiguration;
			baseConfigurationReference = E328186D605B53F77CE2EC60 /* Pods-PolleeTests.release.xcconfig */;
			buildSettings = {
				BUNDLE_LOADER = "$(TEST_HOST)";
				INFOPLIST_FILE = PolleeTests/Info.plist;
				LD_RUNPATH_SEARCH_PATHS = "$(inherited) @executable_path/Frameworks @loader_path/Frameworks";
				PRODUCT_BUNDLE_IDENTIFIER = com.iKrushYou.PolleeTests;
				PRODUCT_NAME = "$(TARGET_NAME)";
				TEST_HOST = "$(BUILT_PRODUCTS_DIR)/Pollee.app/Pollee";
			};
			name = Release;
		};
		FAD4487E1E8AE96500220BF7 /* Debug */ = {
			isa = XCBuildConfiguration;
			baseConfigurationReference = D095D5042DD4AFA582D70058 /* Pods-PolleeUITests.debug.xcconfig */;
			buildSettings = {
				INFOPLIST_FILE = PolleeUITests/Info.plist;
				LD_RUNPATH_SEARCH_PATHS = "$(inherited) @executable_path/Frameworks @loader_path/Frameworks";
				PRODUCT_BUNDLE_IDENTIFIER = com.iKrushYou.PolleeUITests;
				PRODUCT_NAME = "$(TARGET_NAME)";
				TEST_TARGET_NAME = Pollee;
			};
			name = Debug;
		};
		FAD4487F1E8AE96500220BF7 /* Release */ = {
			isa = XCBuildConfiguration;
			baseConfigurationReference = 2EA5EF309837FD0698C70A8B /* Pods-PolleeUITests.release.xcconfig */;
			buildSettings = {
				INFOPLIST_FILE = PolleeUITests/Info.plist;
				LD_RUNPATH_SEARCH_PATHS = "$(inherited) @executable_path/Frameworks @loader_path/Frameworks";
				PRODUCT_BUNDLE_IDENTIFIER = com.iKrushYou.PolleeUITests;
				PRODUCT_NAME = "$(TARGET_NAME)";
				TEST_TARGET_NAME = Pollee;
			};
			name = Release;
		};
/* End XCBuildConfiguration section */

/* Begin XCConfigurationList section */
		FAD448451E8AE96400220BF7 /* Build configuration list for PBXProject "Pollee" */ = {
			isa = XCConfigurationList;
			buildConfigurations = (
				FAD448751E8AE96500220BF7 /* Debug */,
				FAD448761E8AE96500220BF7 /* Release */,
			);
			defaultConfigurationIsVisible = 0;
			defaultConfigurationName = Release;
		};
		FAD448771E8AE96500220BF7 /* Build configuration list for PBXNativeTarget "Pollee" */ = {
			isa = XCConfigurationList;
			buildConfigurations = (
				FAD448781E8AE96500220BF7 /* Debug */,
				FAD448791E8AE96500220BF7 /* Release */,
			);
			defaultConfigurationIsVisible = 0;
			defaultConfigurationName = Release;
		};
		FAD4487A1E8AE96500220BF7 /* Build configuration list for PBXNativeTarget "PolleeTests" */ = {
			isa = XCConfigurationList;
			buildConfigurations = (
				FAD4487B1E8AE96500220BF7 /* Debug */,
				FAD4487C1E8AE96500220BF7 /* Release */,
			);
			defaultConfigurationIsVisible = 0;
			defaultConfigurationName = Release;
		};
		FAD4487D1E8AE96500220BF7 /* Build configuration list for PBXNativeTarget "PolleeUITests" */ = {
			isa = XCConfigurationList;
			buildConfigurations = (
				FAD4487E1E8AE96500220BF7 /* Debug */,
				FAD4487F1E8AE96500220BF7 /* Release */,
			);
			defaultConfigurationIsVisible = 0;
			defaultConfigurationName = Release;
		};
/* End XCConfigurationList section */
	};
	rootObject = FAD448421E8AE96400220BF7 /* Project object */;
}
